// !$*UTF8*$!
{
	archiveVersion = 1;
	classes = {
	};
	objectVersion = 50;
	objects = {

/* Begin PBXBuildFile section */
		BC03C69C21131B7D00EA72AF /* SignUpVC.swift in Sources */ = {isa = PBXBuildFile; fileRef = BC03C69B21131B7D00EA72AF /* SignUpVC.swift */; };
		BC03C6A021131BC300EA72AF /* ProfileVC.swift in Sources */ = {isa = PBXBuildFile; fileRef = BC03C69F21131BC300EA72AF /* ProfileVC.swift */; };
		BC03C6A221131C0F00EA72AF /* PersonalProfileVC.swift in Sources */ = {isa = PBXBuildFile; fileRef = BC03C6A121131C0F00EA72AF /* PersonalProfileVC.swift */; };
		BC03C6A421131C1F00EA72AF /* HealthProfileVC.swift in Sources */ = {isa = PBXBuildFile; fileRef = BC03C6A321131C1F00EA72AF /* HealthProfileVC.swift */; };
		BC03C6A621131C2F00EA72AF /* PainProfileVC.swift in Sources */ = {isa = PBXBuildFile; fileRef = BC03C6A521131C2F00EA72AF /* PainProfileVC.swift */; };
		BC03C6A821131C4800EA72AF /* RecommendedStrainVC.swift in Sources */ = {isa = PBXBuildFile; fileRef = BC03C6A721131C4800EA72AF /* RecommendedStrainVC.swift */; };
		BC03C6AA21131C5A00EA72AF /* PurchaseHistoryVC.swift in Sources */ = {isa = PBXBuildFile; fileRef = BC03C6A921131C5A00EA72AF /* PurchaseHistoryVC.swift */; };
		BC03C6AC21131C6C00EA72AF /* ExploreDocVC.swift in Sources */ = {isa = PBXBuildFile; fileRef = BC03C6AB21131C6C00EA72AF /* ExploreDocVC.swift */; };
		BC03C6AE21131C7C00EA72AF /* StrainVC.swift in Sources */ = {isa = PBXBuildFile; fileRef = BC03C6AD21131C7C00EA72AF /* StrainVC.swift */; };
		BC03C6B021131C8F00EA72AF /* PriscriptionVC.swift in Sources */ = {isa = PBXBuildFile; fileRef = BC03C6AF21131C8F00EA72AF /* PriscriptionVC.swift */; };
		BC03C6B22113212900EA72AF /* HomeVCCell.swift in Sources */ = {isa = PBXBuildFile; fileRef = BC03C6B12113212900EA72AF /* HomeVCCell.swift */; };
		BC03C6B42113213B00EA72AF /* ProfileVcCell.swift in Sources */ = {isa = PBXBuildFile; fileRef = BC03C6B32113213B00EA72AF /* ProfileVcCell.swift */; };
		BC2855F0212E9DA300352F37 /* StrainVcCell.swift in Sources */ = {isa = PBXBuildFile; fileRef = BC2855EF212E9DA300352F37 /* StrainVcCell.swift */; };
		BC2855F2212ED41600352F37 /* priscriptionVCCell.swift in Sources */ = {isa = PBXBuildFile; fileRef = BC2855F1212ED41600352F37 /* priscriptionVCCell.swift */; };
		BC3AA3C62141061D0002DACF /* PaymentVC.swift in Sources */ = {isa = PBXBuildFile; fileRef = BC3AA3C52141061D0002DACF /* PaymentVC.swift */; };
		BC3AA3C8214106A20002DACF /* AppintmentConfirmVC.swift in Sources */ = {isa = PBXBuildFile; fileRef = BC3AA3C7214106A20002DACF /* AppintmentConfirmVC.swift */; };
		BC3AA3CA214107100002DACF /* AppointmentdiaryVC.swift in Sources */ = {isa = PBXBuildFile; fileRef = BC3AA3C9214107100002DACF /* AppointmentdiaryVC.swift */; };
		BC3AA3CC2141075C0002DACF /* PaymentCompleteVC.swift in Sources */ = {isa = PBXBuildFile; fileRef = BC3AA3CB2141075C0002DACF /* PaymentCompleteVC.swift */; };
		BC3AA3CE214108140002DACF /* AppointmentDiaryCell.swift in Sources */ = {isa = PBXBuildFile; fileRef = BC3AA3CD214108140002DACF /* AppointmentDiaryCell.swift */; };
		BC3AA3D021413E340002DACF /* DRprofileCell.swift in Sources */ = {isa = PBXBuildFile; fileRef = BC3AA3CF21413E340002DACF /* DRprofileCell.swift */; };
		BC3AA3D221413E4E0002DACF /* DrProfileVC.swift in Sources */ = {isa = PBXBuildFile; fileRef = BC3AA3D121413E4E0002DACF /* DrProfileVC.swift */; };
		BC3AA3D421414F040002DACF /* SalecttimeVC.swift in Sources */ = {isa = PBXBuildFile; fileRef = BC3AA3D321414F040002DACF /* SalecttimeVC.swift */; };
		BC3AA3D621414F1B0002DACF /* SalectTimeCell.swift in Sources */ = {isa = PBXBuildFile; fileRef = BC3AA3D521414F1B0002DACF /* SalectTimeCell.swift */; };
		BC3AA3DA21415AEB0002DACF /* Screen Shot 2018-09-06 at 6.23.29 PM.png in Resources */ = {isa = PBXBuildFile; fileRef = BC3AA3D921415AEA0002DACF /* Screen Shot 2018-09-06 at 6.23.29 PM.png */; };
		BC3AA3DC21415EE10002DACF /* star-filled.png in Resources */ = {isa = PBXBuildFile; fileRef = BC3AA3DB21415EDF0002DACF /* star-filled.png */; };
		BC3AA3DE214162540002DACF /* gray-star-filled-52.png in Resources */ = {isa = PBXBuildFile; fileRef = BC3AA3DD214162530002DACF /* gray-star-filled-52.png */; };
		BC3AA3E021416E580002DACF /* menu.png in Resources */ = {isa = PBXBuildFile; fileRef = BC3AA3DF21416E570002DACF /* menu.png */; };
		BC448A002111A8AC005C2022 /* AppDelegate.swift in Sources */ = {isa = PBXBuildFile; fileRef = BC4489FF2111A8AC005C2022 /* AppDelegate.swift */; };
		BC448A022111A8AC005C2022 /* ViewController.swift in Sources */ = {isa = PBXBuildFile; fileRef = BC448A012111A8AC005C2022 /* ViewController.swift */; };
		BC448A052111A8AC005C2022 /* Main.storyboard in Resources */ = {isa = PBXBuildFile; fileRef = BC448A032111A8AC005C2022 /* Main.storyboard */; };
		BC448A072111A8B6005C2022 /* Assets.xcassets in Resources */ = {isa = PBXBuildFile; fileRef = BC448A062111A8B6005C2022 /* Assets.xcassets */; };
		BC448A0A2111A8B6005C2022 /* LaunchScreen.storyboard in Resources */ = {isa = PBXBuildFile; fileRef = BC448A082111A8B6005C2022 /* LaunchScreen.storyboard */; };
		BC448A122111A8F6005C2022 /* masterVC.swift in Sources */ = {isa = PBXBuildFile; fileRef = BC448A112111A8F6005C2022 /* masterVC.swift */; };
		BC448A162111A9E7005C2022 /* appUI-2Start.png in Resources */ = {isa = PBXBuildFile; fileRef = BC448A152111A9E7005C2022 /* appUI-2Start.png */; };
		BC448A192111B4B3005C2022 /* logo.png in Resources */ = {isa = PBXBuildFile; fileRef = BC448A172111B4B3005C2022 /* logo.png */; };
		BC448A1A2111B4B3005C2022 /* appUI-bg.png in Resources */ = {isa = PBXBuildFile; fileRef = BC448A182111B4B3005C2022 /* appUI-bg.png */; };
		BC448A1C2111B8FE005C2022 /* logo1.png in Resources */ = {isa = PBXBuildFile; fileRef = BC448A1B2111B8FE005C2022 /* logo1.png */; };
		BC448A312111BB4E005C2022 /* Raleway-Black.ttf in Resources */ = {isa = PBXBuildFile; fileRef = BC448A1E2111BB4E005C2022 /* Raleway-Black.ttf */; };
		BC448A322111BB4E005C2022 /* Raleway-BlackItalic.ttf in Resources */ = {isa = PBXBuildFile; fileRef = BC448A1F2111BB4E005C2022 /* Raleway-BlackItalic.ttf */; };
		BC448A332111BB4E005C2022 /* Raleway-Bold.ttf in Resources */ = {isa = PBXBuildFile; fileRef = BC448A202111BB4E005C2022 /* Raleway-Bold.ttf */; };
		BC448A342111BB4E005C2022 /* Raleway-BoldItalic.ttf in Resources */ = {isa = PBXBuildFile; fileRef = BC448A212111BB4E005C2022 /* Raleway-BoldItalic.ttf */; };
		BC448A352111BB4E005C2022 /* Raleway-ExtraBold.ttf in Resources */ = {isa = PBXBuildFile; fileRef = BC448A222111BB4E005C2022 /* Raleway-ExtraBold.ttf */; };
		BC448A362111BB4E005C2022 /* Raleway-ExtraBoldItalic.ttf in Resources */ = {isa = PBXBuildFile; fileRef = BC448A232111BB4E005C2022 /* Raleway-ExtraBoldItalic.ttf */; };
		BC448A372111BB4E005C2022 /* Raleway-ExtraLight.ttf in Resources */ = {isa = PBXBuildFile; fileRef = BC448A242111BB4E005C2022 /* Raleway-ExtraLight.ttf */; };
		BC448A382111BB4E005C2022 /* Raleway-ExtraLightItalic.ttf in Resources */ = {isa = PBXBuildFile; fileRef = BC448A252111BB4E005C2022 /* Raleway-ExtraLightItalic.ttf */; };
		BC448A392111BB4E005C2022 /* Raleway-Italic.ttf in Resources */ = {isa = PBXBuildFile; fileRef = BC448A262111BB4E005C2022 /* Raleway-Italic.ttf */; };
		BC448A3A2111BB4E005C2022 /* Raleway-Light.ttf in Resources */ = {isa = PBXBuildFile; fileRef = BC448A272111BB4E005C2022 /* Raleway-Light.ttf */; };
		BC448A3B2111BB4E005C2022 /* Raleway-LightItalic.ttf in Resources */ = {isa = PBXBuildFile; fileRef = BC448A282111BB4E005C2022 /* Raleway-LightItalic.ttf */; };
		BC448A3C2111BB4E005C2022 /* Raleway-Medium.ttf in Resources */ = {isa = PBXBuildFile; fileRef = BC448A292111BB4E005C2022 /* Raleway-Medium.ttf */; };
		BC448A3D2111BB4E005C2022 /* Raleway-MediumItalic.ttf in Resources */ = {isa = PBXBuildFile; fileRef = BC448A2A2111BB4E005C2022 /* Raleway-MediumItalic.ttf */; };
		BC448A3E2111BB4E005C2022 /* Raleway-Regular.ttf in Resources */ = {isa = PBXBuildFile; fileRef = BC448A2B2111BB4E005C2022 /* Raleway-Regular.ttf */; };
		BC448A3F2111BB4E005C2022 /* Raleway-SemiBold.ttf in Resources */ = {isa = PBXBuildFile; fileRef = BC448A2C2111BB4E005C2022 /* Raleway-SemiBold.ttf */; };
		BC448A402111BB4E005C2022 /* Raleway-SemiBoldItalic.ttf in Resources */ = {isa = PBXBuildFile; fileRef = BC448A2D2111BB4E005C2022 /* Raleway-SemiBoldItalic.ttf */; };
		BC448A412111BB4E005C2022 /* Raleway-Thin.ttf in Resources */ = {isa = PBXBuildFile; fileRef = BC448A2E2111BB4E005C2022 /* Raleway-Thin.ttf */; };
		BC448A422111BB4E005C2022 /* Raleway-ThinItalic.ttf in Resources */ = {isa = PBXBuildFile; fileRef = BC448A2F2111BB4E005C2022 /* Raleway-ThinItalic.ttf */; };
		BC448A432111BB4E005C2022 /* SIL Open Font License.txt in Resources */ = {isa = PBXBuildFile; fileRef = BC448A302111BB4E005C2022 /* SIL Open Font License.txt */; };
		BC448A452111C97E005C2022 /* LoginVCViewController.swift in Sources */ = {isa = PBXBuildFile; fileRef = BC448A442111C97E005C2022 /* LoginVCViewController.swift */; };
		BC448A5E2111F397005C2022 /* IQNSArray+Sort.swift in Sources */ = {isa = PBXBuildFile; fileRef = BC448A482111F397005C2022 /* IQNSArray+Sort.swift */; };
		BC448A5F2111F397005C2022 /* IQUIScrollView+Additions.swift in Sources */ = {isa = PBXBuildFile; fileRef = BC448A492111F397005C2022 /* IQUIScrollView+Additions.swift */; };
		BC448A602111F397005C2022 /* IQUITextFieldView+Additions.swift in Sources */ = {isa = PBXBuildFile; fileRef = BC448A4A2111F397005C2022 /* IQUITextFieldView+Additions.swift */; };
		BC448A612111F397005C2022 /* IQUIView+Hierarchy.swift in Sources */ = {isa = PBXBuildFile; fileRef = BC448A4B2111F397005C2022 /* IQUIView+Hierarchy.swift */; };
		BC448A622111F397005C2022 /* IQUIViewController+Additions.swift in Sources */ = {isa = PBXBuildFile; fileRef = BC448A4C2111F397005C2022 /* IQUIViewController+Additions.swift */; };
		BC448A632111F397005C2022 /* IQKeyboardManagerConstants.swift in Sources */ = {isa = PBXBuildFile; fileRef = BC448A4E2111F397005C2022 /* IQKeyboardManagerConstants.swift */; };
		BC448A642111F397005C2022 /* IQKeyboardManagerConstantsInternal.swift in Sources */ = {isa = PBXBuildFile; fileRef = BC448A4F2111F397005C2022 /* IQKeyboardManagerConstantsInternal.swift */; };
		BC448A652111F397005C2022 /* IQKeyboardManager.swift in Sources */ = {isa = PBXBuildFile; fileRef = BC448A502111F397005C2022 /* IQKeyboardManager.swift */; };
		BC448A662111F397005C2022 /* IQKeyboardReturnKeyHandler.swift in Sources */ = {isa = PBXBuildFile; fileRef = BC448A522111F397005C2022 /* IQKeyboardReturnKeyHandler.swift */; };
		BC448A672111F397005C2022 /* IQTextView.swift in Sources */ = {isa = PBXBuildFile; fileRef = BC448A542111F397005C2022 /* IQTextView.swift */; };
		BC448A682111F397005C2022 /* IQBarButtonItem.swift in Sources */ = {isa = PBXBuildFile; fileRef = BC448A562111F397005C2022 /* IQBarButtonItem.swift */; };
		BC448A692111F397005C2022 /* IQInvocation.swift in Sources */ = {isa = PBXBuildFile; fileRef = BC448A572111F397005C2022 /* IQInvocation.swift */; };
		BC448A6A2111F397005C2022 /* IQPreviousNextView.swift in Sources */ = {isa = PBXBuildFile; fileRef = BC448A582111F397005C2022 /* IQPreviousNextView.swift */; };
		BC448A6B2111F397005C2022 /* IQTitleBarButtonItem.swift in Sources */ = {isa = PBXBuildFile; fileRef = BC448A592111F397005C2022 /* IQTitleBarButtonItem.swift */; };
		BC448A6C2111F397005C2022 /* IQToolbar.swift in Sources */ = {isa = PBXBuildFile; fileRef = BC448A5A2111F397005C2022 /* IQToolbar.swift */; };
		BC448A6D2111F397005C2022 /* IQUIView+IQKeyboardToolbar.swift in Sources */ = {isa = PBXBuildFile; fileRef = BC448A5B2111F397005C2022 /* IQUIView+IQKeyboardToolbar.swift */; };
		BC448A6E2111F397005C2022 /* IQKeyboardManager.bundle in Resources */ = {isa = PBXBuildFile; fileRef = BC448A5D2111F397005C2022 /* IQKeyboardManager.bundle */; };
		BC511F11212D999C00A9F778 /* PainVCCell.swift in Sources */ = {isa = PBXBuildFile; fileRef = BC511F10212D999C00A9F778 /* PainVCCell.swift */; };
		BC882FB321134080005972CD /* Exploredoccell.swift in Sources */ = {isa = PBXBuildFile; fileRef = BC882FB221134080005972CD /* Exploredoccell.swift */; };
		BC8C32A52142A3950026DAA7 /* HomeVC.swift in Sources */ = {isa = PBXBuildFile; fileRef = BC8C32A42142A3950026DAA7 /* HomeVC.swift */; };
		BC99450921400AAB008A14F7 /* profile.jpg in Resources */ = {isa = PBXBuildFile; fileRef = BC99450821400AA9008A14F7 /* profile.jpg */; };
		BCA55613214261DE0091AFF1 /* sidemenuVC.swift in Sources */ = {isa = PBXBuildFile; fileRef = BCA55612214261DE0091AFF1 /* sidemenuVC.swift */; };
/* End PBXBuildFile section */

/* Begin PBXFileReference section */
		BC03C69B21131B7D00EA72AF /* SignUpVC.swift */ = {isa = PBXFileReference; lastKnownFileType = sourcecode.swift; path = SignUpVC.swift; sourceTree = "<group>"; };
		BC03C69F21131BC300EA72AF /* ProfileVC.swift */ = {isa = PBXFileReference; lastKnownFileType = sourcecode.swift; path = ProfileVC.swift; sourceTree = "<group>"; };
		BC03C6A121131C0F00EA72AF /* PersonalProfileVC.swift */ = {isa = PBXFileReference; lastKnownFileType = sourcecode.swift; path = PersonalProfileVC.swift; sourceTree = "<group>"; };
		BC03C6A321131C1F00EA72AF /* HealthProfileVC.swift */ = {isa = PBXFileReference; lastKnownFileType = sourcecode.swift; path = HealthProfileVC.swift; sourceTree = "<group>"; };
		BC03C6A521131C2F00EA72AF /* PainProfileVC.swift */ = {isa = PBXFileReference; lastKnownFileType = sourcecode.swift; path = PainProfileVC.swift; sourceTree = "<group>"; };
		BC03C6A721131C4800EA72AF /* RecommendedStrainVC.swift */ = {isa = PBXFileReference; lastKnownFileType = sourcecode.swift; path = RecommendedStrainVC.swift; sourceTree = "<group>"; };
		BC03C6A921131C5A00EA72AF /* PurchaseHistoryVC.swift */ = {isa = PBXFileReference; lastKnownFileType = sourcecode.swift; path = PurchaseHistoryVC.swift; sourceTree = "<group>"; };
		BC03C6AB21131C6C00EA72AF /* ExploreDocVC.swift */ = {isa = PBXFileReference; lastKnownFileType = sourcecode.swift; path = ExploreDocVC.swift; sourceTree = "<group>"; };
		BC03C6AD21131C7C00EA72AF /* StrainVC.swift */ = {isa = PBXFileReference; lastKnownFileType = sourcecode.swift; path = StrainVC.swift; sourceTree = "<group>"; };
		BC03C6AF21131C8F00EA72AF /* PriscriptionVC.swift */ = {isa = PBXFileReference; lastKnownFileType = sourcecode.swift; path = PriscriptionVC.swift; sourceTree = "<group>"; };
		BC03C6B12113212900EA72AF /* HomeVCCell.swift */ = {isa = PBXFileReference; lastKnownFileType = sourcecode.swift; path = HomeVCCell.swift; sourceTree = "<group>"; };
		BC03C6B32113213B00EA72AF /* ProfileVcCell.swift */ = {isa = PBXFileReference; lastKnownFileType = sourcecode.swift; path = ProfileVcCell.swift; sourceTree = "<group>"; };
		BC2855EF212E9DA300352F37 /* StrainVcCell.swift */ = {isa = PBXFileReference; lastKnownFileType = sourcecode.swift; path = StrainVcCell.swift; sourceTree = "<group>"; };
		BC2855F1212ED41600352F37 /* priscriptionVCCell.swift */ = {isa = PBXFileReference; lastKnownFileType = sourcecode.swift; path = priscriptionVCCell.swift; sourceTree = "<group>"; };
		BC3AA3C52141061D0002DACF /* PaymentVC.swift */ = {isa = PBXFileReference; lastKnownFileType = sourcecode.swift; path = PaymentVC.swift; sourceTree = "<group>"; };
		BC3AA3C7214106A20002DACF /* AppintmentConfirmVC.swift */ = {isa = PBXFileReference; lastKnownFileType = sourcecode.swift; path = AppintmentConfirmVC.swift; sourceTree = "<group>"; };
		BC3AA3C9214107100002DACF /* AppointmentdiaryVC.swift */ = {isa = PBXFileReference; lastKnownFileType = sourcecode.swift; path = AppointmentdiaryVC.swift; sourceTree = "<group>"; };
		BC3AA3CB2141075C0002DACF /* PaymentCompleteVC.swift */ = {isa = PBXFileReference; lastKnownFileType = sourcecode.swift; path = PaymentCompleteVC.swift; sourceTree = "<group>"; };
		BC3AA3CD214108140002DACF /* AppointmentDiaryCell.swift */ = {isa = PBXFileReference; lastKnownFileType = sourcecode.swift; path = AppointmentDiaryCell.swift; sourceTree = "<group>"; };
		BC3AA3CF21413E340002DACF /* DRprofileCell.swift */ = {isa = PBXFileReference; lastKnownFileType = sourcecode.swift; path = DRprofileCell.swift; sourceTree = "<group>"; };
		BC3AA3D121413E4E0002DACF /* DrProfileVC.swift */ = {isa = PBXFileReference; lastKnownFileType = sourcecode.swift; path = DrProfileVC.swift; sourceTree = "<group>"; };
		BC3AA3D321414F040002DACF /* SalecttimeVC.swift */ = {isa = PBXFileReference; lastKnownFileType = sourcecode.swift; path = SalecttimeVC.swift; sourceTree = "<group>"; };
		BC3AA3D521414F1B0002DACF /* SalectTimeCell.swift */ = {isa = PBXFileReference; lastKnownFileType = sourcecode.swift; path = SalectTimeCell.swift; sourceTree = "<group>"; };
		BC3AA3D921415AEA0002DACF /* Screen Shot 2018-09-06 at 6.23.29 PM.png */ = {isa = PBXFileReference; lastKnownFileType = image.png; path = "Screen Shot 2018-09-06 at 6.23.29 PM.png"; sourceTree = "<group>"; };
		BC3AA3DB21415EDF0002DACF /* star-filled.png */ = {isa = PBXFileReference; lastKnownFileType = image.png; path = "star-filled.png"; sourceTree = "<group>"; };
		BC3AA3DD214162530002DACF /* gray-star-filled-52.png */ = {isa = PBXFileReference; lastKnownFileType = image.png; path = "gray-star-filled-52.png"; sourceTree = "<group>"; };
		BC3AA3DF21416E570002DACF /* menu.png */ = {isa = PBXFileReference; lastKnownFileType = image.png; path = menu.png; sourceTree = "<group>"; };
		BC4489FC2111A8AC005C2022 /* Cannabis.app */ = {isa = PBXFileReference; explicitFileType = wrapper.application; includeInIndex = 0; path = Cannabis.app; sourceTree = BUILT_PRODUCTS_DIR; };
		BC4489FF2111A8AC005C2022 /* AppDelegate.swift */ = {isa = PBXFileReference; lastKnownFileType = sourcecode.swift; path = AppDelegate.swift; sourceTree = "<group>"; };
		BC448A012111A8AC005C2022 /* ViewController.swift */ = {isa = PBXFileReference; lastKnownFileType = sourcecode.swift; path = ViewController.swift; sourceTree = "<group>"; };
		BC448A042111A8AC005C2022 /* Base */ = {isa = PBXFileReference; lastKnownFileType = file.storyboard; name = Base; path = Base.lproj/Main.storyboard; sourceTree = "<group>"; };
		BC448A062111A8B6005C2022 /* Assets.xcassets */ = {isa = PBXFileReference; lastKnownFileType = folder.assetcatalog; path = Assets.xcassets; sourceTree = "<group>"; };
		BC448A092111A8B6005C2022 /* Base */ = {isa = PBXFileReference; lastKnownFileType = file.storyboard; name = Base; path = Base.lproj/LaunchScreen.storyboard; sourceTree = "<group>"; };
		BC448A0B2111A8B6005C2022 /* Info.plist */ = {isa = PBXFileReference; lastKnownFileType = text.plist.xml; path = Info.plist; sourceTree = "<group>"; };
		BC448A112111A8F6005C2022 /* masterVC.swift */ = {isa = PBXFileReference; fileEncoding = 4; lastKnownFileType = sourcecode.swift; path = masterVC.swift; sourceTree = "<group>"; };
		BC448A152111A9E7005C2022 /* appUI-2Start.png */ = {isa = PBXFileReference; lastKnownFileType = image.png; path = "appUI-2Start.png"; sourceTree = "<group>"; };
		BC448A172111B4B3005C2022 /* logo.png */ = {isa = PBXFileReference; lastKnownFileType = image.png; path = logo.png; sourceTree = "<group>"; };
		BC448A182111B4B3005C2022 /* appUI-bg.png */ = {isa = PBXFileReference; lastKnownFileType = image.png; path = "appUI-bg.png"; sourceTree = "<group>"; };
		BC448A1B2111B8FE005C2022 /* logo1.png */ = {isa = PBXFileReference; lastKnownFileType = image.png; path = logo1.png; sourceTree = "<group>"; };
		BC448A1E2111BB4E005C2022 /* Raleway-Black.ttf */ = {isa = PBXFileReference; lastKnownFileType = file; path = "Raleway-Black.ttf"; sourceTree = "<group>"; };
		BC448A1F2111BB4E005C2022 /* Raleway-BlackItalic.ttf */ = {isa = PBXFileReference; lastKnownFileType = file; path = "Raleway-BlackItalic.ttf"; sourceTree = "<group>"; };
		BC448A202111BB4E005C2022 /* Raleway-Bold.ttf */ = {isa = PBXFileReference; lastKnownFileType = file; path = "Raleway-Bold.ttf"; sourceTree = "<group>"; };
		BC448A212111BB4E005C2022 /* Raleway-BoldItalic.ttf */ = {isa = PBXFileReference; lastKnownFileType = file; path = "Raleway-BoldItalic.ttf"; sourceTree = "<group>"; };
		BC448A222111BB4E005C2022 /* Raleway-ExtraBold.ttf */ = {isa = PBXFileReference; lastKnownFileType = file; path = "Raleway-ExtraBold.ttf"; sourceTree = "<group>"; };
		BC448A232111BB4E005C2022 /* Raleway-ExtraBoldItalic.ttf */ = {isa = PBXFileReference; lastKnownFileType = file; path = "Raleway-ExtraBoldItalic.ttf"; sourceTree = "<group>"; };
		BC448A242111BB4E005C2022 /* Raleway-ExtraLight.ttf */ = {isa = PBXFileReference; lastKnownFileType = file; path = "Raleway-ExtraLight.ttf"; sourceTree = "<group>"; };
		BC448A252111BB4E005C2022 /* Raleway-ExtraLightItalic.ttf */ = {isa = PBXFileReference; lastKnownFileType = file; path = "Raleway-ExtraLightItalic.ttf"; sourceTree = "<group>"; };
		BC448A262111BB4E005C2022 /* Raleway-Italic.ttf */ = {isa = PBXFileReference; lastKnownFileType = file; path = "Raleway-Italic.ttf"; sourceTree = "<group>"; };
		BC448A272111BB4E005C2022 /* Raleway-Light.ttf */ = {isa = PBXFileReference; lastKnownFileType = file; path = "Raleway-Light.ttf"; sourceTree = "<group>"; };
		BC448A282111BB4E005C2022 /* Raleway-LightItalic.ttf */ = {isa = PBXFileReference; lastKnownFileType = file; path = "Raleway-LightItalic.ttf"; sourceTree = "<group>"; };
		BC448A292111BB4E005C2022 /* Raleway-Medium.ttf */ = {isa = PBXFileReference; lastKnownFileType = file; path = "Raleway-Medium.ttf"; sourceTree = "<group>"; };
		BC448A2A2111BB4E005C2022 /* Raleway-MediumItalic.ttf */ = {isa = PBXFileReference; lastKnownFileType = file; path = "Raleway-MediumItalic.ttf"; sourceTree = "<group>"; };
		BC448A2B2111BB4E005C2022 /* Raleway-Regular.ttf */ = {isa = PBXFileReference; lastKnownFileType = file; path = "Raleway-Regular.ttf"; sourceTree = "<group>"; };
		BC448A2C2111BB4E005C2022 /* Raleway-SemiBold.ttf */ = {isa = PBXFileReference; lastKnownFileType = file; path = "Raleway-SemiBold.ttf"; sourceTree = "<group>"; };
		BC448A2D2111BB4E005C2022 /* Raleway-SemiBoldItalic.ttf */ = {isa = PBXFileReference; lastKnownFileType = file; path = "Raleway-SemiBoldItalic.ttf"; sourceTree = "<group>"; };
		BC448A2E2111BB4E005C2022 /* Raleway-Thin.ttf */ = {isa = PBXFileReference; lastKnownFileType = file; path = "Raleway-Thin.ttf"; sourceTree = "<group>"; };
		BC448A2F2111BB4E005C2022 /* Raleway-ThinItalic.ttf */ = {isa = PBXFileReference; lastKnownFileType = file; path = "Raleway-ThinItalic.ttf"; sourceTree = "<group>"; };
		BC448A302111BB4E005C2022 /* SIL Open Font License.txt */ = {isa = PBXFileReference; fileEncoding = 4; lastKnownFileType = text; path = "SIL Open Font License.txt"; sourceTree = "<group>"; };
		BC448A442111C97E005C2022 /* LoginVCViewController.swift */ = {isa = PBXFileReference; lastKnownFileType = sourcecode.swift; path = LoginVCViewController.swift; sourceTree = "<group>"; };
		BC448A482111F397005C2022 /* IQNSArray+Sort.swift */ = {isa = PBXFileReference; fileEncoding = 4; lastKnownFileType = sourcecode.swift; path = "IQNSArray+Sort.swift"; sourceTree = "<group>"; };
		BC448A492111F397005C2022 /* IQUIScrollView+Additions.swift */ = {isa = PBXFileReference; fileEncoding = 4; lastKnownFileType = sourcecode.swift; path = "IQUIScrollView+Additions.swift"; sourceTree = "<group>"; };
		BC448A4A2111F397005C2022 /* IQUITextFieldView+Additions.swift */ = {isa = PBXFileReference; fileEncoding = 4; lastKnownFileType = sourcecode.swift; path = "IQUITextFieldView+Additions.swift"; sourceTree = "<group>"; };
		BC448A4B2111F397005C2022 /* IQUIView+Hierarchy.swift */ = {isa = PBXFileReference; fileEncoding = 4; lastKnownFileType = sourcecode.swift; path = "IQUIView+Hierarchy.swift"; sourceTree = "<group>"; };
		BC448A4C2111F397005C2022 /* IQUIViewController+Additions.swift */ = {isa = PBXFileReference; fileEncoding = 4; lastKnownFileType = sourcecode.swift; path = "IQUIViewController+Additions.swift"; sourceTree = "<group>"; };
		BC448A4E2111F397005C2022 /* IQKeyboardManagerConstants.swift */ = {isa = PBXFileReference; fileEncoding = 4; lastKnownFileType = sourcecode.swift; path = IQKeyboardManagerConstants.swift; sourceTree = "<group>"; };
		BC448A4F2111F397005C2022 /* IQKeyboardManagerConstantsInternal.swift */ = {isa = PBXFileReference; fileEncoding = 4; lastKnownFileType = sourcecode.swift; path = IQKeyboardManagerConstantsInternal.swift; sourceTree = "<group>"; };
		BC448A502111F397005C2022 /* IQKeyboardManager.swift */ = {isa = PBXFileReference; fileEncoding = 4; lastKnownFileType = sourcecode.swift; path = IQKeyboardManager.swift; sourceTree = "<group>"; };
		BC448A512111F397005C2022 /* IQKeyboardManagerSwift.h */ = {isa = PBXFileReference; fileEncoding = 4; lastKnownFileType = sourcecode.c.h; path = IQKeyboardManagerSwift.h; sourceTree = "<group>"; };
		BC448A522111F397005C2022 /* IQKeyboardReturnKeyHandler.swift */ = {isa = PBXFileReference; fileEncoding = 4; lastKnownFileType = sourcecode.swift; path = IQKeyboardReturnKeyHandler.swift; sourceTree = "<group>"; };
		BC448A542111F397005C2022 /* IQTextView.swift */ = {isa = PBXFileReference; fileEncoding = 4; lastKnownFileType = sourcecode.swift; path = IQTextView.swift; sourceTree = "<group>"; };
		BC448A562111F397005C2022 /* IQBarButtonItem.swift */ = {isa = PBXFileReference; fileEncoding = 4; lastKnownFileType = sourcecode.swift; path = IQBarButtonItem.swift; sourceTree = "<group>"; };
		BC448A572111F397005C2022 /* IQInvocation.swift */ = {isa = PBXFileReference; fileEncoding = 4; lastKnownFileType = sourcecode.swift; path = IQInvocation.swift; sourceTree = "<group>"; };
		BC448A582111F397005C2022 /* IQPreviousNextView.swift */ = {isa = PBXFileReference; fileEncoding = 4; lastKnownFileType = sourcecode.swift; path = IQPreviousNextView.swift; sourceTree = "<group>"; };
		BC448A592111F397005C2022 /* IQTitleBarButtonItem.swift */ = {isa = PBXFileReference; fileEncoding = 4; lastKnownFileType = sourcecode.swift; path = IQTitleBarButtonItem.swift; sourceTree = "<group>"; };
		BC448A5A2111F397005C2022 /* IQToolbar.swift */ = {isa = PBXFileReference; fileEncoding = 4; lastKnownFileType = sourcecode.swift; path = IQToolbar.swift; sourceTree = "<group>"; };
		BC448A5B2111F397005C2022 /* IQUIView+IQKeyboardToolbar.swift */ = {isa = PBXFileReference; fileEncoding = 4; lastKnownFileType = sourcecode.swift; path = "IQUIView+IQKeyboardToolbar.swift"; sourceTree = "<group>"; };
		BC448A5D2111F397005C2022 /* IQKeyboardManager.bundle */ = {isa = PBXFileReference; lastKnownFileType = "wrapper.plug-in"; path = IQKeyboardManager.bundle; sourceTree = "<group>"; };
		BC511F10212D999C00A9F778 /* PainVCCell.swift */ = {isa = PBXFileReference; lastKnownFileType = sourcecode.swift; path = PainVCCell.swift; sourceTree = "<group>"; };
		BC882FB221134080005972CD /* Exploredoccell.swift */ = {isa = PBXFileReference; lastKnownFileType = sourcecode.swift; path = Exploredoccell.swift; sourceTree = "<group>"; };
		BC8C32A42142A3950026DAA7 /* HomeVC.swift */ = {isa = PBXFileReference; fileEncoding = 4; lastKnownFileType = sourcecode.swift; name = HomeVC.swift; path = ../../Cannabis/Cannabis/HomeVC.swift; sourceTree = "<group>"; };
		BC99450821400AA9008A14F7 /* profile.jpg */ = {isa = PBXFileReference; lastKnownFileType = image.jpeg; path = profile.jpg; sourceTree = "<group>"; };
		BCA55612214261DE0091AFF1 /* sidemenuVC.swift */ = {isa = PBXFileReference; lastKnownFileType = sourcecode.swift; path = sidemenuVC.swift; sourceTree = "<group>"; };
		BCA5561621426E050091AFF1 /* SideMenu.h */ = {isa = PBXFileReference; lastKnownFileType = sourcecode.c.h; path = SideMenu.h; sourceTree = "<group>"; };
/* End PBXFileReference section */

/* Begin PBXFrameworksBuildPhase section */
		BC4489F92111A8AC005C2022 /* Frameworks */ = {
			isa = PBXFrameworksBuildPhase;
			buildActionMask = 2147483647;
			files = (
			);
			runOnlyForDeploymentPostprocessing = 0;
		};
/* End PBXFrameworksBuildPhase section */

/* Begin PBXGroup section */
		BC4489F32111A8AC005C2022 = {
			isa = PBXGroup;
			children = (
				BC4489FE2111A8AC005C2022 /* Cannabis */,
				BC4489FD2111A8AC005C2022 /* Products */,
			);
			sourceTree = "<group>";
		};
		BC4489FD2111A8AC005C2022 /* Products */ = {
			isa = PBXGroup;
			children = (
				BC4489FC2111A8AC005C2022 /* Cannabis.app */,
			);
			name = Products;
			sourceTree = "<group>";
		};
		BC4489FE2111A8AC005C2022 /* Cannabis */ = {
			isa = PBXGroup;
			children = (
				BC4489FF2111A8AC005C2022 /* AppDelegate.swift */,
				BC448A112111A8F6005C2022 /* masterVC.swift */,
				BC448A012111A8AC005C2022 /* ViewController.swift */,
				BC03C6B12113212900EA72AF /* HomeVCCell.swift */,
				BC511F10212D999C00A9F778 /* PainVCCell.swift */,
				BC2855EF212E9DA300352F37 /* StrainVcCell.swift */,
				BC03C6B32113213B00EA72AF /* ProfileVcCell.swift */,
				BC882FB221134080005972CD /* Exploredoccell.swift */,
				BC3AA3CD214108140002DACF /* AppointmentDiaryCell.swift */,
				BC3AA3CF21413E340002DACF /* DRprofileCell.swift */,
				BC3AA3D521414F1B0002DACF /* SalectTimeCell.swift */,
				BC448A032111A8AC005C2022 /* Main.storyboard */,
				BCA55612214261DE0091AFF1 /* sidemenuVC.swift */,
				BC3AA3C52141061D0002DACF /* PaymentVC.swift */,
				BC8C32A42142A3950026DAA7 /* HomeVC.swift */,
				BC3AA3C7214106A20002DACF /* AppintmentConfirmVC.swift */,
				BC3AA3C9214107100002DACF /* AppointmentdiaryVC.swift */,
				BC3AA3CB2141075C0002DACF /* PaymentCompleteVC.swift */,
				BC03C69B21131B7D00EA72AF /* SignUpVC.swift */,
				BC2855F1212ED41600352F37 /* priscriptionVCCell.swift */,
				BC03C69F21131BC300EA72AF /* ProfileVC.swift */,
				BC03C6A121131C0F00EA72AF /* PersonalProfileVC.swift */,
				BC03C6A321131C1F00EA72AF /* HealthProfileVC.swift */,
				BC03C6A521131C2F00EA72AF /* PainProfileVC.swift */,
				BC03C6A721131C4800EA72AF /* RecommendedStrainVC.swift */,
				BC03C6A921131C5A00EA72AF /* PurchaseHistoryVC.swift */,
				BC03C6AB21131C6C00EA72AF /* ExploreDocVC.swift */,
				BC3AA3D321414F040002DACF /* SalecttimeVC.swift */,
				BC03C6AD21131C7C00EA72AF /* StrainVC.swift */,
				BC03C6AF21131C8F00EA72AF /* PriscriptionVC.swift */,
				BC3AA3D121413E4E0002DACF /* DrProfileVC.swift */,
				BC448A442111C97E005C2022 /* LoginVCViewController.swift */,
				BC448A062111A8B6005C2022 /* Assets.xcassets */,
				BCA5561621426E050091AFF1 /* SideMenu.h */,
				BC448A152111A9E7005C2022 /* appUI-2Start.png */,
				BC3AA3D921415AEA0002DACF /* Screen Shot 2018-09-06 at 6.23.29 PM.png */,
				BC448A182111B4B3005C2022 /* appUI-bg.png */,
				BC3AA3DB21415EDF0002DACF /* star-filled.png */,
				BC448A172111B4B3005C2022 /* logo.png */,
				BC3AA3DF21416E570002DACF /* menu.png */,
				BC3AA3DD214162530002DACF /* gray-star-filled-52.png */,
				BC448A1B2111B8FE005C2022 /* logo1.png */,
				BC448A462111F397005C2022 /* IQKeyboardManagerSwift */,
				BC448A1D2111BB4E005C2022 /* raleway */,
				BC448A082111A8B6005C2022 /* LaunchScreen.storyboard */,
				BC99450821400AA9008A14F7 /* profile.jpg */,
				BC448A0B2111A8B6005C2022 /* Info.plist */,
			);
			path = Cannabis;
			sourceTree = "<group>";
		};
		BC448A1D2111BB4E005C2022 /* raleway */ = {
			isa = PBXGroup;
			children = (
				BC448A1E2111BB4E005C2022 /* Raleway-Black.ttf */,
				BC448A1F2111BB4E005C2022 /* Raleway-BlackItalic.ttf */,
				BC448A202111BB4E005C2022 /* Raleway-Bold.ttf */,
				BC448A212111BB4E005C2022 /* Raleway-BoldItalic.ttf */,
				BC448A222111BB4E005C2022 /* Raleway-ExtraBold.ttf */,
				BC448A232111BB4E005C2022 /* Raleway-ExtraBoldItalic.ttf */,
				BC448A242111BB4E005C2022 /* Raleway-ExtraLight.ttf */,
				BC448A252111BB4E005C2022 /* Raleway-ExtraLightItalic.ttf */,
				BC448A262111BB4E005C2022 /* Raleway-Italic.ttf */,
				BC448A272111BB4E005C2022 /* Raleway-Light.ttf */,
				BC448A282111BB4E005C2022 /* Raleway-LightItalic.ttf */,
				BC448A292111BB4E005C2022 /* Raleway-Medium.ttf */,
				BC448A2A2111BB4E005C2022 /* Raleway-MediumItalic.ttf */,
				BC448A2B2111BB4E005C2022 /* Raleway-Regular.ttf */,
				BC448A2C2111BB4E005C2022 /* Raleway-SemiBold.ttf */,
				BC448A2D2111BB4E005C2022 /* Raleway-SemiBoldItalic.ttf */,
				BC448A2E2111BB4E005C2022 /* Raleway-Thin.ttf */,
				BC448A2F2111BB4E005C2022 /* Raleway-ThinItalic.ttf */,
				BC448A302111BB4E005C2022 /* SIL Open Font License.txt */,
			);
			path = raleway;
			sourceTree = "<group>";
		};
		BC448A462111F397005C2022 /* IQKeyboardManagerSwift */ = {
			isa = PBXGroup;
			children = (
				BC448A472111F397005C2022 /* Categories */,
				BC448A4D2111F397005C2022 /* Constants */,
				BC448A502111F397005C2022 /* IQKeyboardManager.swift */,
				BC448A512111F397005C2022 /* IQKeyboardManagerSwift.h */,
				BC448A522111F397005C2022 /* IQKeyboardReturnKeyHandler.swift */,
				BC448A532111F397005C2022 /* IQTextView */,
				BC448A552111F397005C2022 /* IQToolbar */,
				BC448A5C2111F397005C2022 /* Resources */,
			);
			path = IQKeyboardManagerSwift;
			sourceTree = "<group>";
		};
		BC448A472111F397005C2022 /* Categories */ = {
			isa = PBXGroup;
			children = (
				BC448A482111F397005C2022 /* IQNSArray+Sort.swift */,
				BC448A492111F397005C2022 /* IQUIScrollView+Additions.swift */,
				BC448A4A2111F397005C2022 /* IQUITextFieldView+Additions.swift */,
				BC448A4B2111F397005C2022 /* IQUIView+Hierarchy.swift */,
				BC448A4C2111F397005C2022 /* IQUIViewController+Additions.swift */,
			);
			path = Categories;
			sourceTree = "<group>";
		};
		BC448A4D2111F397005C2022 /* Constants */ = {
			isa = PBXGroup;
			children = (
				BC448A4E2111F397005C2022 /* IQKeyboardManagerConstants.swift */,
				BC448A4F2111F397005C2022 /* IQKeyboardManagerConstantsInternal.swift */,
			);
			path = Constants;
			sourceTree = "<group>";
		};
		BC448A532111F397005C2022 /* IQTextView */ = {
			isa = PBXGroup;
			children = (
				BC448A542111F397005C2022 /* IQTextView.swift */,
			);
			path = IQTextView;
			sourceTree = "<group>";
		};
		BC448A552111F397005C2022 /* IQToolbar */ = {
			isa = PBXGroup;
			children = (
				BC448A562111F397005C2022 /* IQBarButtonItem.swift */,
				BC448A572111F397005C2022 /* IQInvocation.swift */,
				BC448A582111F397005C2022 /* IQPreviousNextView.swift */,
				BC448A592111F397005C2022 /* IQTitleBarButtonItem.swift */,
				BC448A5A2111F397005C2022 /* IQToolbar.swift */,
				BC448A5B2111F397005C2022 /* IQUIView+IQKeyboardToolbar.swift */,
			);
			path = IQToolbar;
			sourceTree = "<group>";
		};
		BC448A5C2111F397005C2022 /* Resources */ = {
			isa = PBXGroup;
			children = (
				BC448A5D2111F397005C2022 /* IQKeyboardManager.bundle */,
			);
			path = Resources;
			sourceTree = "<group>";
		};
/* End PBXGroup section */

/* Begin PBXNativeTarget section */
		BC4489FB2111A8AC005C2022 /* Cannabis */ = {
			isa = PBXNativeTarget;
			buildConfigurationList = BC448A0E2111A8B6005C2022 /* Build configuration list for PBXNativeTarget "Cannabis" */;
			buildPhases = (
				BC4489F82111A8AC005C2022 /* Sources */,
				BC4489F92111A8AC005C2022 /* Frameworks */,
				BC4489FA2111A8AC005C2022 /* Resources */,
			);
			buildRules = (
			);
			dependencies = (
			);
			name = Cannabis;
			productName = Cannabis;
			productReference = BC4489FC2111A8AC005C2022 /* Cannabis.app */;
			productType = "com.apple.product-type.application";
		};
/* End PBXNativeTarget section */

/* Begin PBXProject section */
		BC4489F42111A8AC005C2022 /* Project object */ = {
			isa = PBXProject;
			attributes = {
				LastSwiftUpdateCheck = 0940;
				LastUpgradeCheck = 0940;
				ORGANIZATIONNAME = yesitlabs;
				TargetAttributes = {
					BC4489FB2111A8AC005C2022 = {
						CreatedOnToolsVersion = 9.4.1;
					};
				};
			};
			buildConfigurationList = BC4489F72111A8AC005C2022 /* Build configuration list for PBXProject "Cannabis" */;
			compatibilityVersion = "Xcode 9.3";
			developmentRegion = en;
			hasScannedForEncodings = 0;
			knownRegions = (
				en,
				Base,
			);
			mainGroup = BC4489F32111A8AC005C2022;
			productRefGroup = BC4489FD2111A8AC005C2022 /* Products */;
			projectDirPath = "";
			projectRoot = "";
			targets = (
				BC4489FB2111A8AC005C2022 /* Cannabis */,
			);
		};
/* End PBXProject section */

/* Begin PBXResourcesBuildPhase section */
		BC4489FA2111A8AC005C2022 /* Resources */ = {
			isa = PBXResourcesBuildPhase;
			buildActionMask = 2147483647;
			files = (
				BC448A382111BB4E005C2022 /* Raleway-ExtraLightItalic.ttf in Resources */,
				BC448A352111BB4E005C2022 /* Raleway-ExtraBold.ttf in Resources */,
				BC448A1A2111B4B3005C2022 /* appUI-bg.png in Resources */,
				BC448A0A2111A8B6005C2022 /* LaunchScreen.storyboard in Resources */,
				BC448A322111BB4E005C2022 /* Raleway-BlackItalic.ttf in Resources */,
				BC448A362111BB4E005C2022 /* Raleway-ExtraBoldItalic.ttf in Resources */,
				BC448A392111BB4E005C2022 /* Raleway-Italic.ttf in Resources */,
				BC3AA3DC21415EE10002DACF /* star-filled.png in Resources */,
				BC448A342111BB4E005C2022 /* Raleway-BoldItalic.ttf in Resources */,
				BC448A332111BB4E005C2022 /* Raleway-Bold.ttf in Resources */,
				BC448A412111BB4E005C2022 /* Raleway-Thin.ttf in Resources */,
				BC448A402111BB4E005C2022 /* Raleway-SemiBoldItalic.ttf in Resources */,
				BC448A192111B4B3005C2022 /* logo.png in Resources */,
				BC448A3E2111BB4E005C2022 /* Raleway-Regular.ttf in Resources */,
				BC448A3C2111BB4E005C2022 /* Raleway-Medium.ttf in Resources */,
				BC448A422111BB4E005C2022 /* Raleway-ThinItalic.ttf in Resources */,
				BC3AA3E021416E580002DACF /* menu.png in Resources */,
				BC448A072111A8B6005C2022 /* Assets.xcassets in Resources */,
				BC448A3B2111BB4E005C2022 /* Raleway-LightItalic.ttf in Resources */,
				BC3AA3DA21415AEB0002DACF /* Screen Shot 2018-09-06 at 6.23.29 PM.png in Resources */,
				BC448A312111BB4E005C2022 /* Raleway-Black.ttf in Resources */,
				BC448A052111A8AC005C2022 /* Main.storyboard in Resources */,
				BC448A432111BB4E005C2022 /* SIL Open Font License.txt in Resources */,
				BC448A3A2111BB4E005C2022 /* Raleway-Light.ttf in Resources */,
				BC448A162111A9E7005C2022 /* appUI-2Start.png in Resources */,
				BC448A3D2111BB4E005C2022 /* Raleway-MediumItalic.ttf in Resources */,
				BC448A372111BB4E005C2022 /* Raleway-ExtraLight.ttf in Resources */,
				BC3AA3DE214162540002DACF /* gray-star-filled-52.png in Resources */,
				BC448A1C2111B8FE005C2022 /* logo1.png in Resources */,
				BC448A3F2111BB4E005C2022 /* Raleway-SemiBold.ttf in Resources */,
				BC448A6E2111F397005C2022 /* IQKeyboardManager.bundle in Resources */,
				BC99450921400AAB008A14F7 /* profile.jpg in Resources */,
			);
			runOnlyForDeploymentPostprocessing = 0;
		};
/* End PBXResourcesBuildPhase section */

/* Begin PBXSourcesBuildPhase section */
		BC4489F82111A8AC005C2022 /* Sources */ = {
			isa = PBXSourcesBuildPhase;
			buildActionMask = 2147483647;
			files = (
				BC3AA3CC2141075C0002DACF /* PaymentCompleteVC.swift in Sources */,
				BC448A662111F397005C2022 /* IQKeyboardReturnKeyHandler.swift in Sources */,
				BC2855F2212ED41600352F37 /* priscriptionVCCell.swift in Sources */,
				BC03C6A021131BC300EA72AF /* ProfileVC.swift in Sources */,
				BC03C6AC21131C6C00EA72AF /* ExploreDocVC.swift in Sources */,
				BC03C6AE21131C7C00EA72AF /* StrainVC.swift in Sources */,
				BC3AA3C62141061D0002DACF /* PaymentVC.swift in Sources */,
				BC448A692111F397005C2022 /* IQInvocation.swift in Sources */,
				BC448A6C2111F397005C2022 /* IQToolbar.swift in Sources */,
				BC8C32A52142A3950026DAA7 /* HomeVC.swift in Sources */,
				BCA55613214261DE0091AFF1 /* sidemenuVC.swift in Sources */,
				BC3AA3CE214108140002DACF /* AppointmentDiaryCell.swift in Sources */,
				BC3AA3D021413E340002DACF /* DRprofileCell.swift in Sources */,
				BC03C6B42113213B00EA72AF /* ProfileVcCell.swift in Sources */,
				BC448A652111F397005C2022 /* IQKeyboardManager.swift in Sources */,
				BC448A612111F397005C2022 /* IQUIView+Hierarchy.swift in Sources */,
				BC448A022111A8AC005C2022 /* ViewController.swift in Sources */,
				BC3AA3CA214107100002DACF /* AppointmentdiaryVC.swift in Sources */,
				BC3AA3D221413E4E0002DACF /* DrProfileVC.swift in Sources */,
				BC03C6A821131C4800EA72AF /* RecommendedStrainVC.swift in Sources */,
				BC448A5E2111F397005C2022 /* IQNSArray+Sort.swift in Sources */,
				BC03C6A221131C0F00EA72AF /* PersonalProfileVC.swift in Sources */,
				BC03C69C21131B7D00EA72AF /* SignUpVC.swift in Sources */,
				BC03C6B22113212900EA72AF /* HomeVCCell.swift in Sources */,
				BC511F11212D999C00A9F778 /* PainVCCell.swift in Sources */,
				BC448A642111F397005C2022 /* IQKeyboardManagerConstantsInternal.swift in Sources */,
				BC03C6AA21131C5A00EA72AF /* PurchaseHistoryVC.swift in Sources */,
				BC448A622111F397005C2022 /* IQUIViewController+Additions.swift in Sources */,
				BC3AA3D421414F040002DACF /* SalecttimeVC.swift in Sources */,
				BC448A002111A8AC005C2022 /* AppDelegate.swift in Sources */,
				BC448A6B2111F397005C2022 /* IQTitleBarButtonItem.swift in Sources */,
				BC3AA3D621414F1B0002DACF /* SalectTimeCell.swift in Sources */,
				BC448A122111A8F6005C2022 /* masterVC.swift in Sources */,
				BC448A682111F397005C2022 /* IQBarButtonItem.swift in Sources */,
				BC03C6A421131C1F00EA72AF /* HealthProfileVC.swift in Sources */,
				BC448A452111C97E005C2022 /* LoginVCViewController.swift in Sources */,
				BC448A602111F397005C2022 /* IQUITextFieldView+Additions.swift in Sources */,
				BC03C6B021131C8F00EA72AF /* PriscriptionVC.swift in Sources */,
				BC448A632111F397005C2022 /* IQKeyboardManagerConstants.swift in Sources */,
				BC3AA3C8214106A20002DACF /* AppintmentConfirmVC.swift in Sources */,
				BC448A5F2111F397005C2022 /* IQUIScrollView+Additions.swift in Sources */,
				BC03C6A621131C2F00EA72AF /* PainProfileVC.swift in Sources */,
				BC2855F0212E9DA300352F37 /* StrainVcCell.swift in Sources */,
				BC882FB321134080005972CD /* Exploredoccell.swift in Sources */,
				BC448A6A2111F397005C2022 /* IQPreviousNextView.swift in Sources */,
				BC448A6D2111F397005C2022 /* IQUIView+IQKeyboardToolbar.swift in Sources */,
				BC448A672111F397005C2022 /* IQTextView.swift in Sources */,
			);
			runOnlyForDeploymentPostprocessing = 0;
		};
/* End PBXSourcesBuildPhase section */

/* Begin PBXVariantGroup section */
		BC448A032111A8AC005C2022 /* Main.storyboard */ = {
			isa = PBXVariantGroup;
			children = (
				BC448A042111A8AC005C2022 /* Base */,
			);
			name = Main.storyboard;
			sourceTree = "<group>";
		};
		BC448A082111A8B6005C2022 /* LaunchScreen.storyboard */ = {
			isa = PBXVariantGroup;
			children = (
				BC448A092111A8B6005C2022 /* Base */,
			);
			name = LaunchScreen.storyboard;
			sourceTree = "<group>";
		};
/* End PBXVariantGroup section */

/* Begin XCBuildConfiguration section */
		BC448A0C2111A8B6005C2022 /* Debug */ = {
			isa = XCBuildConfiguration;
			buildSettings = {
				ALWAYS_SEARCH_USER_PATHS = NO;
				CLANG_ANALYZER_NONNULL = YES;
				CLANG_ANALYZER_NUMBER_OBJECT_CONVERSION = YES_AGGRESSIVE;
				CLANG_CXX_LANGUAGE_STANDARD = "gnu++14";
				CLANG_CXX_LIBRARY = "libc++";
				CLANG_ENABLE_MODULES = YES;
				CLANG_ENABLE_OBJC_ARC = YES;
				CLANG_ENABLE_OBJC_WEAK = YES;
				CLANG_WARN_BLOCK_CAPTURE_AUTORELEASING = YES;
				CLANG_WARN_BOOL_CONVERSION = YES;
				CLANG_WARN_COMMA = YES;
				CLANG_WARN_CONSTANT_CONVERSION = YES;
				CLANG_WARN_DEPRECATED_OBJC_IMPLEMENTATIONS = YES;
				CLANG_WARN_DIRECT_OBJC_ISA_USAGE = YES_ERROR;
				CLANG_WARN_DOCUMENTATION_COMMENTS = YES;
				CLANG_WARN_EMPTY_BODY = YES;
				CLANG_WARN_ENUM_CONVERSION = YES;
				CLANG_WARN_INFINITE_RECURSION = YES;
				CLANG_WARN_INT_CONVERSION = YES;
				CLANG_WARN_NON_LITERAL_NULL_CONVERSION = YES;
				CLANG_WARN_OBJC_IMPLICIT_RETAIN_SELF = YES;
				CLANG_WARN_OBJC_LITERAL_CONVERSION = YES;
				CLANG_WARN_OBJC_ROOT_CLASS = YES_ERROR;
				CLANG_WARN_RANGE_LOOP_ANALYSIS = YES;
				CLANG_WARN_STRICT_PROTOTYPES = YES;
				CLANG_WARN_SUSPICIOUS_MOVE = YES;
				CLANG_WARN_UNGUARDED_AVAILABILITY = YES_AGGRESSIVE;
				CLANG_WARN_UNREACHABLE_CODE = YES;
				CLANG_WARN__DUPLICATE_METHOD_MATCH = YES;
				CODE_SIGN_IDENTITY = "iPhone Developer";
				COPY_PHASE_STRIP = NO;
				DEBUG_INFORMATION_FORMAT = dwarf;
				ENABLE_STRICT_OBJC_MSGSEND = YES;
				ENABLE_TESTABILITY = YES;
				GCC_C_LANGUAGE_STANDARD = gnu11;
				GCC_DYNAMIC_NO_PIC = NO;
				GCC_NO_COMMON_BLOCKS = YES;
				GCC_OPTIMIZATION_LEVEL = 0;
				GCC_PREPROCESSOR_DEFINITIONS = (
					"DEBUG=1",
					"$(inherited)",
				);
				GCC_WARN_64_TO_32_BIT_CONVERSION = YES;
				GCC_WARN_ABOUT_RETURN_TYPE = YES_ERROR;
				GCC_WARN_UNDECLARED_SELECTOR = YES;
				GCC_WARN_UNINITIALIZED_AUTOS = YES_AGGRESSIVE;
				GCC_WARN_UNUSED_FUNCTION = YES;
				GCC_WARN_UNUSED_VARIABLE = YES;
				IPHONEOS_DEPLOYMENT_TARGET = 11.4;
				MTL_ENABLE_DEBUG_INFO = YES;
				ONLY_ACTIVE_ARCH = YES;
				SDKROOT = iphoneos;
				SWIFT_ACTIVE_COMPILATION_CONDITIONS = DEBUG;
				SWIFT_OPTIMIZATION_LEVEL = "-Onone";
			};
			name = Debug;
		};
		BC448A0D2111A8B6005C2022 /* Release */ = {
			isa = XCBuildConfiguration;
			buildSettings = {
				ALWAYS_SEARCH_USER_PATHS = NO;
				CLANG_ANALYZER_NONNULL = YES;
				CLANG_ANALYZER_NUMBER_OBJECT_CONVERSION = YES_AGGRESSIVE;
				CLANG_CXX_LANGUAGE_STANDARD = "gnu++14";
				CLANG_CXX_LIBRARY = "libc++";
				CLANG_ENABLE_MODULES = YES;
				CLANG_ENABLE_OBJC_ARC = YES;
				CLANG_ENABLE_OBJC_WEAK = YES;
				CLANG_WARN_BLOCK_CAPTURE_AUTORELEASING = YES;
				CLANG_WARN_BOOL_CONVERSION = YES;
				CLANG_WARN_COMMA = YES;
				CLANG_WARN_CONSTANT_CONVERSION = YES;
				CLANG_WARN_DEPRECATED_OBJC_IMPLEMENTATIONS = YES;
				CLANG_WARN_DIRECT_OBJC_ISA_USAGE = YES_ERROR;
				CLANG_WARN_DOCUMENTATION_COMMENTS = YES;
				CLANG_WARN_EMPTY_BODY = YES;
				CLANG_WARN_ENUM_CONVERSION = YES;
				CLANG_WARN_INFINITE_RECURSION = YES;
				CLANG_WARN_INT_CONVERSION = YES;
				CLANG_WARN_NON_LITERAL_NULL_CONVERSION = YES;
				CLANG_WARN_OBJC_IMPLICIT_RETAIN_SELF = YES;
				CLANG_WARN_OBJC_LITERAL_CONVERSION = YES;
				CLANG_WARN_OBJC_ROOT_CLASS = YES_ERROR;
				CLANG_WARN_RANGE_LOOP_ANALYSIS = YES;
				CLANG_WARN_STRICT_PROTOTYPES = YES;
				CLANG_WARN_SUSPICIOUS_MOVE = YES;
				CLANG_WARN_UNGUARDED_AVAILABILITY = YES_AGGRESSIVE;
				CLANG_WARN_UNREACHABLE_CODE = YES;
				CLANG_WARN__DUPLICATE_METHOD_MATCH = YES;
				CODE_SIGN_IDENTITY = "iPhone Developer";
				COPY_PHASE_STRIP = NO;
				DEBUG_INFORMATION_FORMAT = "dwarf-with-dsym";
				ENABLE_NS_ASSERTIONS = NO;
				ENABLE_STRICT_OBJC_MSGSEND = YES;
				GCC_C_LANGUAGE_STANDARD = gnu11;
				GCC_NO_COMMON_BLOCKS = YES;
				GCC_WARN_64_TO_32_BIT_CONVERSION = YES;
				GCC_WARN_ABOUT_RETURN_TYPE = YES_ERROR;
				GCC_WARN_UNDECLARED_SELECTOR = YES;
				GCC_WARN_UNINITIALIZED_AUTOS = YES_AGGRESSIVE;
				GCC_WARN_UNUSED_FUNCTION = YES;
				GCC_WARN_UNUSED_VARIABLE = YES;
				IPHONEOS_DEPLOYMENT_TARGET = 11.4;
				MTL_ENABLE_DEBUG_INFO = NO;
				SDKROOT = iphoneos;
				SWIFT_COMPILATION_MODE = wholemodule;
				SWIFT_OPTIMIZATION_LEVEL = "-O";
				VALIDATE_PRODUCT = YES;
			};
			name = Release;
		};
		BC448A0F2111A8B6005C2022 /* Debug */ = {
			isa = XCBuildConfiguration;
			buildSettings = {
				ASSETCATALOG_COMPILER_APPICON_NAME = AppIcon;
				CODE_SIGN_STYLE = Automatic;
				DEVELOPMENT_TEAM = 52853JTM76;
				INFOPLIST_FILE = Cannabis/Info.plist;
				IPHONEOS_DEPLOYMENT_TARGET = 10.0;
				LD_RUNPATH_SEARCH_PATHS = (
					"$(inherited)",
					"@executable_path/Frameworks",
				);
				PRODUCT_BUNDLE_IDENTIFIER = yesitlabs.Cannabis;
				PRODUCT_NAME = "$(TARGET_NAME)";
				SWIFT_VERSION = 4.0;
				TARGETED_DEVICE_FAMILY = "1,2";
			};
			name = Debug;
		};
		BC448A102111A8B6005C2022 /* Release */ = {
			isa = XCBuildConfiguration;
			buildSettings = {
				ASSETCATALOG_COMPILER_APPICON_NAME = AppIcon;
				CODE_SIGN_STYLE = Automatic;
				DEVELOPMENT_TEAM = 52853JTM76;
				INFOPLIST_FILE = Cannabis/Info.plist;
				IPHONEOS_DEPLOYMENT_TARGET = 10.0;
				LD_RUNPATH_SEARCH_PATHS = (
					"$(inherited)",
					"@executable_path/Frameworks",
				);
				PRODUCT_BUNDLE_IDENTIFIER = yesitlabs.Cannabis;
				PRODUCT_NAME = "$(TARGET_NAME)";
				SWIFT_VERSION = 4.0;
				TARGETED_DEVICE_FAMILY = "1,2";
			};
			name = Release;
		};
/* End XCBuildConfiguration section */

/* Begin XCConfigurationList section */
		BC4489F72111A8AC005C2022 /* Build configuration list for PBXProject "Cannabis" */ = {
			isa = XCConfigurationList;
			buildConfigurations = (
				BC448A0C2111A8B6005C2022 /* Debug */,
				BC448A0D2111A8B6005C2022 /* Release */,
			);
			defaultConfigurationIsVisible = 0;
			defaultConfigurationName = Release;
		};
		BC448A0E2111A8B6005C2022 /* Build configuration list for PBXNativeTarget "Cannabis" */ = {
			isa = XCConfigurationList;
			buildConfigurations = (
				BC448A0F2111A8B6005C2022 /* Debug */,
				BC448A102111A8B6005C2022 /* Release */,
			);
			defaultConfigurationIsVisible = 0;
			defaultConfigurationName = Release;
		};
/* End XCConfigurationList section */
	};
	rootObject = BC4489F42111A8AC005C2022 /* Project object */;
}
